// !$*UTF8*$!
{
	archiveVersion = 1;
	classes = {
	};
	objectVersion = 48;
	objects = {

/* Begin PBXBuildFile section */
		A1A36CC920E41C1D0031A9C9 /* AppDelegate.swift in Sources */ = {isa = PBXBuildFile; fileRef = A1A36CC820E41C1D0031A9C9 /* AppDelegate.swift */; };
		A1A36CCB20E41C1D0031A9C9 /* ViewController.swift in Sources */ = {isa = PBXBuildFile; fileRef = A1A36CCA20E41C1D0031A9C9 /* ViewController.swift */; };
		A1A36CCE20E41C1D0031A9C9 /* Main.storyboard in Resources */ = {isa = PBXBuildFile; fileRef = A1A36CCC20E41C1D0031A9C9 /* Main.storyboard */; };
		A1A36CD020E41C1D0031A9C9 /* Assets.xcassets in Resources */ = {isa = PBXBuildFile; fileRef = A1A36CCF20E41C1D0031A9C9 /* Assets.xcassets */; };
		A1A36CD320E41C1D0031A9C9 /* LaunchScreen.storyboard in Resources */ = {isa = PBXBuildFile; fileRef = A1A36CD120E41C1D0031A9C9 /* LaunchScreen.storyboard */; };
		A1A36CDE20E41C1D0031A9C9 /* WorldTrackingAppTests.swift in Sources */ = {isa = PBXBuildFile; fileRef = A1A36CDD20E41C1D0031A9C9 /* WorldTrackingAppTests.swift */; };
		A1A36CE920E41C1D0031A9C9 /* WorldTrackingAppUITests.swift in Sources */ = {isa = PBXBuildFile; fileRef = A1A36CE820E41C1D0031A9C9 /* WorldTrackingAppUITests.swift */; };
/* End PBXBuildFile section */

/* Begin PBXContainerItemProxy section */
		A1A36CDA20E41C1D0031A9C9 /* PBXContainerItemProxy */ = {
			isa = PBXContainerItemProxy;
			containerPortal = A1A36CBD20E41C1D0031A9C9 /* Project object */;
			proxyType = 1;
			remoteGlobalIDString = A1A36CC420E41C1D0031A9C9;
			remoteInfo = WorldTrackingApp;
		};
		A1A36CE520E41C1D0031A9C9 /* PBXContainerItemProxy */ = {
			isa = PBXContainerItemProxy;
			containerPortal = A1A36CBD20E41C1D0031A9C9 /* Project object */;
			proxyType = 1;
			remoteGlobalIDString = A1A36CC420E41C1D0031A9C9;
			remoteInfo = WorldTrackingApp;
		};
/* End PBXContainerItemProxy section */

/* Begin PBXFileReference section */
		A1A36CC520E41C1D0031A9C9 /* WorldTrackingApp.app */ = {isa = PBXFileReference; explicitFileType = wrapper.application; includeInIndex = 0; path = WorldTrackingApp.app; sourceTree = BUILT_PRODUCTS_DIR; };
		A1A36CC820E41C1D0031A9C9 /* AppDelegate.swift */ = {isa = PBXFileReference; lastKnownFileType = sourcecode.swift; path = AppDelegate.swift; sourceTree = "<group>"; };
		A1A36CCA20E41C1D0031A9C9 /* ViewController.swift */ = {isa = PBXFileReference; lastKnownFileType = sourcecode.swift; path = ViewController.swift; sourceTree = "<group>"; };
		A1A36CCD20E41C1D0031A9C9 /* Base */ = {isa = PBXFileReference; lastKnownFileType = file.storyboard; name = Base; path = Base.lproj/Main.storyboard; sourceTree = "<group>"; };
		A1A36CCF20E41C1D0031A9C9 /* Assets.xcassets */ = {isa = PBXFileReference; lastKnownFileType = folder.assetcatalog; path = Assets.xcassets; sourceTree = "<group>"; };
		A1A36CD220E41C1D0031A9C9 /* Base */ = {isa = PBXFileReference; lastKnownFileType = file.storyboard; name = Base; path = Base.lproj/LaunchScreen.storyboard; sourceTree = "<group>"; };
		A1A36CD420E41C1D0031A9C9 /* Info.plist */ = {isa = PBXFileReference; lastKnownFileType = text.plist.xml; path = Info.plist; sourceTree = "<group>"; };
		A1A36CD920E41C1D0031A9C9 /* WorldTrackingAppTests.xctest */ = {isa = PBXFileReference; explicitFileType = wrapper.cfbundle; includeInIndex = 0; path = WorldTrackingAppTests.xctest; sourceTree = BUILT_PRODUCTS_DIR; };
		A1A36CDD20E41C1D0031A9C9 /* WorldTrackingAppTests.swift */ = {isa = PBXFileReference; lastKnownFileType = sourcecode.swift; path = WorldTrackingAppTests.swift; sourceTree = "<group>"; };
		A1A36CDF20E41C1D0031A9C9 /* Info.plist */ = {isa = PBXFileReference; lastKnownFileType = text.plist.xml; path = Info.plist; sourceTree = "<group>"; };
		A1A36CE420E41C1D0031A9C9 /* WorldTrackingAppUITests.xctest */ = {isa = PBXFileReference; explicitFileType = wrapper.cfbundle; includeInIndex = 0; path = WorldTrackingAppUITests.xctest; sourceTree = BUILT_PRODUCTS_DIR; };
		A1A36CE820E41C1D0031A9C9 /* WorldTrackingAppUITests.swift */ = {isa = PBXFileReference; lastKnownFileType = sourcecode.swift; path = WorldTrackingAppUITests.swift; sourceTree = "<group>"; };
		A1A36CEA20E41C1D0031A9C9 /* Info.plist */ = {isa = PBXFileReference; lastKnownFileType = text.plist.xml; path = Info.plist; sourceTree = "<group>"; };
/* End PBXFileReference section */

/* Begin PBXFrameworksBuildPhase section */
		A1A36CC220E41C1D0031A9C9 /* Frameworks */ = {
			isa = PBXFrameworksBuildPhase;
			buildActionMask = 2147483647;
			files = (
			);
			runOnlyForDeploymentPostprocessing = 0;
		};
		A1A36CD620E41C1D0031A9C9 /* Frameworks */ = {
			isa = PBXFrameworksBuildPhase;
			buildActionMask = 2147483647;
			files = (
			);
			runOnlyForDeploymentPostprocessing = 0;
		};
		A1A36CE120E41C1D0031A9C9 /* Frameworks */ = {
			isa = PBXFrameworksBuildPhase;
			buildActionMask = 2147483647;
			files = (
			);
			runOnlyForDeploymentPostprocessing = 0;
		};
/* End PBXFrameworksBuildPhase section */

/* Begin PBXGroup section */
		A1A36CBC20E41C1D0031A9C9 = {
			isa = PBXGroup;
			children = (
				A1A36CC720E41C1D0031A9C9 /* WorldTrackingApp */,
				A1A36CDC20E41C1D0031A9C9 /* WorldTrackingAppTests */,
				A1A36CE720E41C1D0031A9C9 /* WorldTrackingAppUITests */,
				A1A36CC620E41C1D0031A9C9 /* Products */,
			);
			sourceTree = "<group>";
		};
		A1A36CC620E41C1D0031A9C9 /* Products */ = {
			isa = PBXGroup;
			children = (
				A1A36CC520E41C1D0031A9C9 /* WorldTrackingApp.app */,
				A1A36CD920E41C1D0031A9C9 /* WorldTrackingAppTests.xctest */,
				A1A36CE420E41C1D0031A9C9 /* WorldTrackingAppUITests.xctest */,
			);
			name = Products;
			sourceTree = "<group>";
		};
		A1A36CC720E41C1D0031A9C9 /* WorldTrackingApp */ = {
			isa = PBXGroup;
			children = (
				A1A36CC820E41C1D0031A9C9 /* AppDelegate.swift */,
				A1A36CCA20E41C1D0031A9C9 /* ViewController.swift */,
				A1A36CCC20E41C1D0031A9C9 /* Main.storyboard */,
				A1A36CCF20E41C1D0031A9C9 /* Assets.xcassets */,
				A1A36CD120E41C1D0031A9C9 /* LaunchScreen.storyboard */,
				A1A36CD420E41C1D0031A9C9 /* Info.plist */,
			);
			path = WorldTrackingApp;
			sourceTree = "<group>";
		};
		A1A36CDC20E41C1D0031A9C9 /* WorldTrackingAppTests */ = {
			isa = PBXGroup;
			children = (
				A1A36CDD20E41C1D0031A9C9 /* WorldTrackingAppTests.swift */,
				A1A36CDF20E41C1D0031A9C9 /* Info.plist */,
			);
			path = WorldTrackingAppTests;
			sourceTree = "<group>";
		};
		A1A36CE720E41C1D0031A9C9 /* WorldTrackingAppUITests */ = {
			isa = PBXGroup;
			children = (
				A1A36CE820E41C1D0031A9C9 /* WorldTrackingAppUITests.swift */,
				A1A36CEA20E41C1D0031A9C9 /* Info.plist */,
			);
			path = WorldTrackingAppUITests;
			sourceTree = "<group>";
		};
/* End PBXGroup section */

/* Begin PBXNativeTarget section */
		A1A36CC420E41C1D0031A9C9 /* WorldTrackingApp */ = {
			isa = PBXNativeTarget;
			buildConfigurationList = A1A36CED20E41C1D0031A9C9 /* Build configuration list for PBXNativeTarget "WorldTrackingApp" */;
			buildPhases = (
				A1A36CC120E41C1D0031A9C9 /* Sources */,
				A1A36CC220E41C1D0031A9C9 /* Frameworks */,
				A1A36CC320E41C1D0031A9C9 /* Resources */,
			);
			buildRules = (
			);
			dependencies = (
			);
			name = WorldTrackingApp;
			productName = WorldTrackingApp;
			productReference = A1A36CC520E41C1D0031A9C9 /* WorldTrackingApp.app */;
			productType = "com.apple.product-type.application";
		};
		A1A36CD820E41C1D0031A9C9 /* WorldTrackingAppTests */ = {
			isa = PBXNativeTarget;
			buildConfigurationList = A1A36CF020E41C1D0031A9C9 /* Build configuration list for PBXNativeTarget "WorldTrackingAppTests" */;
			buildPhases = (
				A1A36CD520E41C1D0031A9C9 /* Sources */,
				A1A36CD620E41C1D0031A9C9 /* Frameworks */,
				A1A36CD720E41C1D0031A9C9 /* Resources */,
			);
			buildRules = (
			);
			dependencies = (
				A1A36CDB20E41C1D0031A9C9 /* PBXTargetDependency */,
			);
			name = WorldTrackingAppTests;
			productName = WorldTrackingAppTests;
			productReference = A1A36CD920E41C1D0031A9C9 /* WorldTrackingAppTests.xctest */;
			productType = "com.apple.product-type.bundle.unit-test";
		};
		A1A36CE320E41C1D0031A9C9 /* WorldTrackingAppUITests */ = {
			isa = PBXNativeTarget;
			buildConfigurationList = A1A36CF320E41C1D0031A9C9 /* Build configuration list for PBXNativeTarget "WorldTrackingAppUITests" */;
			buildPhases = (
				A1A36CE020E41C1D0031A9C9 /* Sources */,
				A1A36CE120E41C1D0031A9C9 /* Frameworks */,
				A1A36CE220E41C1D0031A9C9 /* Resources */,
			);
			buildRules = (
			);
			dependencies = (
				A1A36CE620E41C1D0031A9C9 /* PBXTargetDependency */,
			);
			name = WorldTrackingAppUITests;
			productName = WorldTrackingAppUITests;
			productReference = A1A36CE420E41C1D0031A9C9 /* WorldTrackingAppUITests.xctest */;
			productType = "com.apple.product-type.bundle.ui-testing";
		};
/* End PBXNativeTarget section */

/* Begin PBXProject section */
		A1A36CBD20E41C1D0031A9C9 /* Project object */ = {
			isa = PBXProject;
			attributes = {
				LastSwiftUpdateCheck = 0910;
				LastUpgradeCheck = 0940;
				ORGANIZATIONNAME = Dhruvil;
				TargetAttributes = {
					A1A36CC420E41C1D0031A9C9 = {
						CreatedOnToolsVersion = 9.1;
						ProvisioningStyle = Automatic;
					};
					A1A36CD820E41C1D0031A9C9 = {
						CreatedOnToolsVersion = 9.1;
						ProvisioningStyle = Automatic;
						TestTargetID = A1A36CC420E41C1D0031A9C9;
					};
					A1A36CE320E41C1D0031A9C9 = {
						CreatedOnToolsVersion = 9.1;
						ProvisioningStyle = Automatic;
						TestTargetID = A1A36CC420E41C1D0031A9C9;
					};
				};
			};
			buildConfigurationList = A1A36CC020E41C1D0031A9C9 /* Build configuration list for PBXProject "WorldTrackingApp" */;
			compatibilityVersion = "Xcode 8.0";
			developmentRegion = en;
			hasScannedForEncodings = 0;
			knownRegions = (
				en,
				Base,
			);
			mainGroup = A1A36CBC20E41C1D0031A9C9;
			productRefGroup = A1A36CC620E41C1D0031A9C9 /* Products */;
			projectDirPath = "";
			projectRoot = "";
			targets = (
				A1A36CC420E41C1D0031A9C9 /* WorldTrackingApp */,
				A1A36CD820E41C1D0031A9C9 /* WorldTrackingAppTests */,
				A1A36CE320E41C1D0031A9C9 /* WorldTrackingAppUITests */,
			);
		};
/* End PBXProject section */

/* Begin PBXResourcesBuildPhase section */
		A1A36CC320E41C1D0031A9C9 /* Resources */ = {
			isa = PBXResourcesBuildPhase;
			buildActionMask = 2147483647;
			files = (
				A1A36CD320E41C1D0031A9C9 /* LaunchScreen.storyboard in Resources */,
				A1A36CD020E41C1D0031A9C9 /* Assets.xcassets in Resources */,
				A1A36CCE20E41C1D0031A9C9 /* Main.storyboard in Resources */,
			);
			runOnlyForDeploymentPostprocessing = 0;
		};
		A1A36CD720E41C1D0031A9C9 /* Resources */ = {
			isa = PBXResourcesBuildPhase;
			buildActionMask = 2147483647;
			files = (
			);
			runOnlyForDeploymentPostprocessing = 0;
		};
		A1A36CE220E41C1D0031A9C9 /* Resources */ = {
			isa = PBXResourcesBuildPhase;
			buildActionMask = 2147483647;
			files = (
			);
			runOnlyForDeploymentPostprocessing = 0;
		};
/* End PBXResourcesBuildPhase section */

/* Begin PBXSourcesBuildPhase section */
		A1A36CC120E41C1D0031A9C9 /* Sources */ = {
			isa = PBXSourcesBuildPhase;
			buildActionMask = 2147483647;
			files = (
				A1A36CCB20E41C1D0031A9C9 /* ViewController.swift in Sources */,
				A1A36CC920E41C1D0031A9C9 /* AppDelegate.swift in Sources */,
			);
			runOnlyForDeploymentPostprocessing = 0;
		};
		A1A36CD520E41C1D0031A9C9 /* Sources */ = {
			isa = PBXSourcesBuildPhase;
			buildActionMask = 2147483647;
			files = (
				A1A36CDE20E41C1D0031A9C9 /* WorldTrackingAppTests.swift in Sources */,
			);
			runOnlyForDeploymentPostprocessing = 0;
		};
		A1A36CE020E41C1D0031A9C9 /* Sources */ = {
			isa = PBXSourcesBuildPhase;
			buildActionMask = 2147483647;
			files = (
				A1A36CE920E41C1D0031A9C9 /* WorldTrackingAppUITests.swift in Sources */,
			);
			runOnlyForDeploymentPostprocessing = 0;
		};
/* End PBXSourcesBuildPhase section */

/* Begin PBXTargetDependency section */
		A1A36CDB20E41C1D0031A9C9 /* PBXTargetDependency */ = {
			isa = PBXTargetDependency;
			target = A1A36CC420E41C1D0031A9C9 /* WorldTrackingApp */;
			targetProxy = A1A36CDA20E41C1D0031A9C9 /* PBXContainerItemProxy */;
		};
		A1A36CE620E41C1D0031A9C9 /* PBXTargetDependency */ = {
			isa = PBXTargetDependency;
			target = A1A36CC420E41C1D0031A9C9 /* WorldTrackingApp */;
			targetProxy = A1A36CE520E41C1D0031A9C9 /* PBXContainerItemProxy */;
		};
/* End PBXTargetDependency section */

/* Begin PBXVariantGroup section */
		A1A36CCC20E41C1D0031A9C9 /* Main.storyboard */ = {
			isa = PBXVariantGroup;
			children = (
				A1A36CCD20E41C1D0031A9C9 /* Base */,
			);
			name = Main.storyboard;
			sourceTree = "<group>";
		};
		A1A36CD120E41C1D0031A9C9 /* LaunchScreen.storyboard */ = {
			isa = PBXVariantGroup;
			children = (
				A1A36CD220E41C1D0031A9C9 /* Base */,
			);
			name = LaunchScreen.storyboard;
			sourceTree = "<group>";
		};
/* End PBXVariantGroup section */

/* Begin XCBuildConfiguration section */
		A1A36CEB20E41C1D0031A9C9 /* Debug */ = {
			isa = XCBuildConfiguration;
			buildSettings = {
				ALWAYS_SEARCH_USER_PATHS = NO;
				CLANG_ANALYZER_NONNULL = YES;
				CLANG_ANALYZER_NUMBER_OBJECT_CONVERSION = YES_AGGRESSIVE;
				CLANG_CXX_LANGUAGE_STANDARD = "gnu++14";
				CLANG_CXX_LIBRARY = "libc++";
				CLANG_ENABLE_MODULES = YES;
				CLANG_ENABLE_OBJC_ARC = YES;
				CLANG_WARN_BLOCK_CAPTURE_AUTORELEASING = YES;
				CLANG_WARN_BOOL_CONVERSION = YES;
				CLANG_WARN_COMMA = YES;
				CLANG_WARN_CONSTANT_CONVERSION = YES;
				CLANG_WARN_DEPRECATED_OBJC_IMPLEMENTATIONS = YES;
				CLANG_WARN_DIRECT_OBJC_ISA_USAGE = YES_ERROR;
				CLANG_WARN_DOCUMENTATION_COMMENTS = YES;
				CLANG_WARN_EMPTY_BODY = YES;
				CLANG_WARN_ENUM_CONVERSION = YES;
				CLANG_WARN_INFINITE_RECURSION = YES;
				CLANG_WARN_INT_CONVERSION = YES;
				CLANG_WARN_NON_LITERAL_NULL_CONVERSION = YES;
				CLANG_WARN_OBJC_IMPLICIT_RETAIN_SELF = YES;
				CLANG_WARN_OBJC_LITERAL_CONVERSION = YES;
				CLANG_WARN_OBJC_ROOT_CLASS = YES_ERROR;
				CLANG_WARN_RANGE_LOOP_ANALYSIS = YES;
				CLANG_WARN_STRICT_PROTOTYPES = YES;
				CLANG_WARN_SUSPICIOUS_MOVE = YES;
				CLANG_WARN_UNGUARDED_AVAILABILITY = YES_AGGRESSIVE;
				CLANG_WARN_UNREACHABLE_CODE = YES;
				CLANG_WARN__DUPLICATE_METHOD_MATCH = YES;
				CODE_SIGN_IDENTITY = "iPhone Developer";
				COPY_PHASE_STRIP = NO;
				DEBUG_INFORMATION_FORMAT = dwarf;
				ENABLE_STRICT_OBJC_MSGSEND = YES;
				ENABLE_TESTABILITY = YES;
				GCC_C_LANGUAGE_STANDARD = gnu11;
				GCC_DYNAMIC_NO_PIC = NO;
				GCC_NO_COMMON_BLOCKS = YES;
				GCC_OPTIMIZATION_LEVEL = 0;
				GCC_PREPROCESSOR_DEFINITIONS = (
					"DEBUG=1",
					"$(inherited)",
				);
				GCC_WARN_64_TO_32_BIT_CONVERSION = YES;
				GCC_WARN_ABOUT_RETURN_TYPE = YES_ERROR;
				GCC_WARN_UNDECLARED_SELECTOR = YES;
				GCC_WARN_UNINITIALIZED_AUTOS = YES_AGGRESSIVE;
				GCC_WARN_UNUSED_FUNCTION = YES;
				GCC_WARN_UNUSED_VARIABLE = YES;
				IPHONEOS_DEPLOYMENT_TARGET = 11.4;
				MTL_ENABLE_DEBUG_INFO = YES;
				ONLY_ACTIVE_ARCH = YES;
				SDKROOT = iphoneos;
				SWIFT_ACTIVE_COMPILATION_CONDITIONS = DEBUG;
				SWIFT_OPTIMIZATION_LEVEL = "-Onone";
			};
			name = Debug;
		};
		A1A36CEC20E41C1D0031A9C9 /* Release */ = {
			isa = XCBuildConfiguration;
			buildSettings = {
				ALWAYS_SEARCH_USER_PATHS = NO;
				CLANG_ANALYZER_NONNULL = YES;
				CLANG_ANALYZER_NUMBER_OBJECT_CONVERSION = YES_AGGRESSIVE;
				CLANG_CXX_LANGUAGE_STANDARD = "gnu++14";
				CLANG_CXX_LIBRARY = "libc++";
				CLANG_ENABLE_MODULES = YES;
				CLANG_ENABLE_OBJC_ARC = YES;
				CLANG_WARN_BLOCK_CAPTURE_AUTORELEASING = YES;
				CLANG_WARN_BOOL_CONVERSION = YES;
				CLANG_WARN_COMMA = YES;
				CLANG_WARN_CONSTANT_CONVERSION = YES;
				CLANG_WARN_DEPRECATED_OBJC_IMPLEMENTATIONS = YES;
				CLANG_WARN_DIRECT_OBJC_ISA_USAGE = YES_ERROR;
				CLANG_WARN_DOCUMENTATION_COMMENTS = YES;
				CLANG_WARN_EMPTY_BODY = YES;
				CLANG_WARN_ENUM_CONVERSION = YES;
				CLANG_WARN_INFINITE_RECURSION = YES;
				CLANG_WARN_INT_CONVERSION = YES;
				CLANG_WARN_NON_LITERAL_NULL_CONVERSION = YES;
				CLANG_WARN_OBJC_IMPLICIT_RETAIN_SELF = YES;
				CLANG_WARN_OBJC_LITERAL_CONVERSION = YES;
				CLANG_WARN_OBJC_ROOT_CLASS = YES_ERROR;
				CLANG_WARN_RANGE_LOOP_ANALYSIS = YES;
				CLANG_WARN_STRICT_PROTOTYPES = YES;
				CLANG_WARN_SUSPICIOUS_MOVE = YES;
				CLANG_WARN_UNGUARDED_AVAILABILITY = YES_AGGRESSIVE;
				CLANG_WARN_UNREACHABLE_CODE = YES;
				CLANG_WARN__DUPLICATE_METHOD_MATCH = YES;
				CODE_SIGN_IDENTITY = "iPhone Developer";
				COPY_PHASE_STRIP = NO;
				DEBUG_INFORMATION_FORMAT = "dwarf-with-dsym";
				ENABLE_NS_ASSERTIONS = NO;
				ENABLE_STRICT_OBJC_MSGSEND = YES;
				GCC_C_LANGUAGE_STANDARD = gnu11;
				GCC_NO_COMMON_BLOCKS = YES;
				GCC_WARN_64_TO_32_BIT_CONVERSION = YES;
				GCC_WARN_ABOUT_RETURN_TYPE = YES_ERROR;
				GCC_WARN_UNDECLARED_SELECTOR = YES;
				GCC_WARN_UNINITIALIZED_AUTOS = YES_AGGRESSIVE;
				GCC_WARN_UNUSED_FUNCTION = YES;
				GCC_WARN_UNUSED_VARIABLE = YES;
				IPHONEOS_DEPLOYMENT_TARGET = 11.4;
				MTL_ENABLE_DEBUG_INFO = NO;
				SDKROOT = iphoneos;
				SWIFT_OPTIMIZATION_LEVEL = "-Owholemodule";
				VALIDATE_PRODUCT = YES;
			};
			name = Release;
		};
		A1A36CEE20E41C1D0031A9C9 /* Debug */ = {
			isa = XCBuildConfiguration;
			buildSettings = {
				ASSETCATALOG_COMPILER_APPICON_NAME = AppIcon;
				CODE_SIGN_STYLE = Automatic;
				DEVELOPMENT_TEAM = 767LHU7K45;
				INFOPLIST_FILE = WorldTrackingApp/Info.plist;
				IPHONEOS_DEPLOYMENT_TARGET = 11.4;
				LD_RUNPATH_SEARCH_PATHS = "$(inherited) @executable_path/Frameworks";
				PRODUCT_BUNDLE_IDENTIFIER = com.Dhruvilp7068.WorldTrackingApp;
				PRODUCT_NAME = "$(TARGET_NAME)";
				SWIFT_VERSION = 4.0;
				TARGETED_DEVICE_FAMILY = "1,2";
			};
			name = Debug;
		};
		A1A36CEF20E41C1D0031A9C9 /* Release */ = {
			isa = XCBuildConfiguration;
			buildSettings = {
				ASSETCATALOG_COMPILER_APPICON_NAME = AppIcon;
				CODE_SIGN_STYLE = Automatic;
				DEVELOPMENT_TEAM = 767LHU7K45;
				INFOPLIST_FILE = WorldTrackingApp/Info.plist;
				IPHONEOS_DEPLOYMENT_TARGET = 11.4;
				LD_RUNPATH_SEARCH_PATHS = "$(inherited) @executable_path/Frameworks";
				PRODUCT_BUNDLE_IDENTIFIER = com.Dhruvilp7068.WorldTrackingApp;
				PRODUCT_NAME = "$(TARGET_NAME)";
				SWIFT_VERSION = 4.0;
				TARGETED_DEVICE_FAMILY = "1,2";
			};
			name = Release;
		};
		A1A36CF120E41C1D0031A9C9 /* Debug */ = {
			isa = XCBuildConfiguration;
			buildSettings = {
				ALWAYS_EMBED_SWIFT_STANDARD_LIBRARIES = YES;
				BUNDLE_LOADER = "$(TEST_HOST)";
				CODE_SIGN_STYLE = Automatic;
				DEVELOPMENT_TEAM = 767LHU7K45;
				INFOPLIST_FILE = WorldTrackingAppTests/Info.plist;
				LD_RUNPATH_SEARCH_PATHS = "$(inherited) @executable_path/Frameworks @loader_path/Frameworks";
				PRODUCT_BUNDLE_IDENTIFIER = com.Dhruvilp7068.WorldTrackingAppTests;
				PRODUCT_NAME = "$(TARGET_NAME)";
				SWIFT_VERSION = 4.0;
				TARGETED_DEVICE_FAMILY = "1,2";
				TEST_HOST = "$(BUILT_PRODUCTS_DIR)/WorldTrackingApp.app/WorldTrackingApp";
			};
			name = Debug;
		};
		A1A36CF220E41C1D0031A9C9 /* Release */ = {
			isa = XCBuildConfiguration;
			buildSettings = {
				ALWAYS_EMBED_SWIFT_STANDARD_LIBRARIES = YES;
				BUNDLE_LOADER = "$(TEST_HOST)";
				CODE_SIGN_STYLE = Automatic;
				DEVELOPMENT_TEAM = 767LHU7K45;
				INFOPLIST_FILE = WorldTrackingAppTests/Info.plist;
				LD_RUNPATH_SEARCH_PATHS = "$(inherited) @executable_path/Frameworks @loader_path/Frameworks";
				PRODUCT_BUNDLE_IDENTIFIER = com.Dhruvilp7068.WorldTrackingAppTests;
				PRODUCT_NAME = "$(TARGET_NAME)";
				SWIFT_VERSION = 4.0;
				TARGETED_DEVICE_FAMILY = "1,2";
				TEST_HOST = "$(BUILT_PRODUCTS_DIR)/WorldTrackingApp.app/WorldTrackingApp";
			};
			name = Release;
		};
		A1A36CF420E41C1D0031A9C9 /* Debug */ = {
			isa = XCBuildConfiguration;
			buildSettings = {
				ALWAYS_EMBED_SWIFT_STANDARD_LIBRARIES = YES;
				CODE_SIGN_STYLE = Automatic;
				DEVELOPMENT_TEAM = 767LHU7K45;
				INFOPLIST_FILE = WorldTrackingAppUITests/Info.plist;
				LD_RUNPATH_SEARCH_PATHS = "$(inherited) @executable_path/Frameworks @loader_path/Frameworks";
				PRODUCT_BUNDLE_IDENTIFIER = com.Dhruvilp7068.WorldTrackingAppUITests;
				PRODUCT_NAME = "$(TARGET_NAME)";
				SWIFT_VERSION = 4.0;
				TARGETED_DEVICE_FAMILY = "1,2";
				TEST_TARGET_NAME = WorldTrackingApp;
			};
			name = Debug;
		};
		A1A36CF520E41C1D0031A9C9 /* Release */ = {
			isa = XCBuildConfiguration;
			buildSettings = {
				ALWAYS_EMBED_SWIFT_STANDARD_LIBRARIES = YES;
				CODE_SIGN_STYLE = Automatic;
				DEVELOPMENT_TEAM = 767LHU7K45;
				INFOPLIST_FILE = WorldTrackingAppUITests/Info.plist;
				LD_RUNPATH_SEARCH_PATHS = "$(inherited) @executable_path/Frameworks @loader_path/Frameworks";
				PRODUCT_BUNDLE_IDENTIFIER = com.Dhruvilp7068.WorldTrackingAppUITests;
				PRODUCT_NAME = "$(TARGET_NAME)";
				SWIFT_VERSION = 4.0;
				TARGETED_DEVICE_FAMILY = "1,2";
				TEST_TARGET_NAME = WorldTrackingApp;
			};
			name = Release;
		};
/* End XCBuildConfiguration section */

/* Begin XCConfigurationList section */
		A1A36CC020E41C1D0031A9C9 /* Build configuration list for PBXProject "WorldTrackingApp" */ = {
			isa = XCConfigurationList;
			buildConfigurations = (
				A1A36CEB20E41C1D0031A9C9 /* Debug */,
				A1A36CEC20E41C1D0031A9C9 /* Release */,
			);
			defaultConfigurationIsVisible = 0;
			defaultConfigurationName = Release;
		};
		A1A36CED20E41C1D0031A9C9 /* Build configuration list for PBXNativeTarget "WorldTrackingApp" */ = {
			isa = XCConfigurationList;
			buildConfigurations = (
				A1A36CEE20E41C1D0031A9C9 /* Debug */,
				A1A36CEF20E41C1D0031A9C9 /* Release */,
			);
			defaultConfigurationIsVisible = 0;
			defaultConfigurationName = Release;
		};
		A1A36CF020E41C1D0031A9C9 /* Build configuration list for PBXNativeTarget "WorldTrackingAppTests" */ = {
			isa = XCConfigurationList;
			buildConfigurations = (
				A1A36CF120E41C1D0031A9C9 /* Debug */,
				A1A36CF220E41C1D0031A9C9 /* Release */,
			);
			defaultConfigurationIsVisible = 0;
			defaultConfigurationName = Release;
		};
		A1A36CF320E41C1D0031A9C9 /* Build configuration list for PBXNativeTarget "WorldTrackingAppUITests" */ = {
			isa = XCConfigurationList;
			buildConfigurations = (
				A1A36CF420E41C1D0031A9C9 /* Debug */,
				A1A36CF520E41C1D0031A9C9 /* Release */,
			);
			defaultConfigurationIsVisible = 0;
			defaultConfigurationName = Release;
		};
/* End XCConfigurationList section */
	};
	rootObject = A1A36CBD20E41C1D0031A9C9 /* Project object */;
}
